{
  "name": "pulse-app",
  "version": "4.0.0",
  "lockfileVersion": 3,
  "requires": true,
  "packages": {
    "": {
      "name": "pulse-app",
      "devDependencies": {
        "typescript": "file:...",
        "vite": "file:..."
      }
    },
    "...": {
      "dev": true
    },
    "node_modules/typescript": {
      "resolved": "...",
      "link": true
    },
    "node_modules/vite": {
      "resolved": "...",
      "link": true
    }
  }
}
